
Microsoft Visual Studio Solution File, Format Version 12.00
# Visual Studio Version 16
VisualStudioVersion = 16.0.31205.134
MinimumVisualStudioVersion = 10.0.40219.1
Project("{FAE04EC0-301F-11D3-BF4B-00C04F79EFBC}") = "Entities", "Entities\Entities.csproj", "{C78FB31C-ECF5-4283-B0E3-5924896A3192}"
EndProject
Project("{FAE04EC0-301F-11D3-BF4B-00C04F79EFBC}") = "DataAccess", "DataAccess\DataAccess.csproj", "{7CEE6648-4222-49E9-AF91-3070C197F0CA}"
EndProject
Project("{FAE04EC0-301F-11D3-BF4B-00C04F79EFBC}") = "Bussiness", "Bussiness\Bussiness.csproj", "{03B79C8D-C4F2-456F-BE68-E11921713DB7}"
EndProject
Project("{FAE04EC0-301F-11D3-BF4B-00C04F79EFBC}") = "MvcWebUI", "MvcWebUI\MvcWebUI.csproj", "{B83268E8-283E-4338-AA30-35B35B8B825C}"
EndProject
Project("{FAE04EC0-301F-11D3-BF4B-00C04F79EFBC}") = "WebAPI", "WebAPI\WebAPI.csproj", "{FBF57732-B04E-4C57-9723-7EB282466D10}"
EndProject
Project("{FAE04EC0-301F-11D3-BF4B-00C04F79EFBC}") = "Core", "Core\Core.csproj", "{5ACD9F6F-C116-4EE9-8504-85403AAB15C9}"
EndProject
Global
	GlobalSection(SolutionConfigurationPlatforms) = preSolution
		Debug|Any CPU = Debug|Any CPU
		Release|Any CPU = Release|Any CPU
	EndGlobalSection
	GlobalSection(ProjectConfigurationPlatforms) = postSolution
		{C78FB31C-ECF5-4283-B0E3-5924896A3192}.Debug|Any CPU.ActiveCfg = Debug|Any CPU
		{C78FB31C-ECF5-4283-B0E3-5924896A3192}.Debug|Any CPU.Build.0 = Debug|Any CPU
		{C78FB31C-ECF5-4283-B0E3-5924896A3192}.Release|Any CPU.ActiveCfg = Release|Any CPU
		{C78FB31C-ECF5-4283-B0E3-5924896A3192}.Release|Any CPU.Build.0 = Release|Any CPU
		{7CEE6648-4222-49E9-AF91-3070C197F0CA}.Debug|Any CPU.ActiveCfg = Debug|Any CPU
		{7CEE6648-4222-49E9-AF91-3070C197F0CA}.Debug|Any CPU.Build.0 = Debug|Any CPU
		{7CEE6648-4222-49E9-AF91-3070C197F0CA}.Release|Any CPU.ActiveCfg = Release|Any CPU
		{7CEE6648-4222-49E9-AF91-3070C197F0CA}.Release|Any CPU.Build.0 = Release|Any CPU
		{03B79C8D-C4F2-456F-BE68-E11921713DB7}.Debug|Any CPU.ActiveCfg = Debug|Any CPU
		{03B79C8D-C4F2-456F-BE68-E11921713DB7}.Debug|Any CPU.Build.0 = Debug|Any CPU
		{03B79C8D-C4F2-456F-BE68-E11921713DB7}.Release|Any CPU.ActiveCfg = Release|Any CPU
		{03B79C8D-C4F2-456F-BE68-E11921713DB7}.Release|Any CPU.Build.0 = Release|Any CPU
		{B83268E8-283E-4338-AA30-35B35B8B825C}.Debug|Any CPU.ActiveCfg = Debug|Any CPU
		{B83268E8-283E-4338-AA30-35B35B8B825C}.Debug|Any CPU.Build.0 = Debug|Any CPU
		{B83268E8-283E-4338-AA30-35B35B8B825C}.Release|Any CPU.ActiveCfg = Release|Any CPU
		{B83268E8-283E-4338-AA30-35B35B8B825C}.Release|Any CPU.Build.0 = Release|Any CPU
		{FBF57732-B04E-4C57-9723-7EB282466D10}.Debug|Any CPU.ActiveCfg = Debug|Any CPU
		{FBF57732-B04E-4C57-9723-7EB282466D10}.Debug|Any CPU.Build.0 = Debug|Any CPU
		{FBF57732-B04E-4C57-9723-7EB282466D10}.Release|Any CPU.ActiveCfg = Release|Any CPU
		{FBF57732-B04E-4C57-9723-7EB282466D10}.Release|Any CPU.Build.0 = Release|Any CPU
		{5ACD9F6F-C116-4EE9-8504-85403AAB15C9}.Debug|Any CPU.ActiveCfg = Debug|Any CPU
		{5ACD9F6F-C116-4EE9-8504-85403AAB15C9}.Debug|Any CPU.Build.0 = Debug|Any CPU
		{5ACD9F6F-C116-4EE9-8504-85403AAB15C9}.Release|Any CPU.ActiveCfg = Release|Any CPU
		{5ACD9F6F-C116-4EE9-8504-85403AAB15C9}.Release|Any CPU.Build.0 = Release|Any CPU
	EndGlobalSection
	GlobalSection(SolutionProperties) = preSolution
		HideSolutionNode = FALSE
	EndGlobalSection
	GlobalSection(ExtensibilityGlobals) = postSolution
		SolutionGuid = {E25F015D-FEE9-42A5-97AB-97013CED2C77}
	EndGlobalSection
EndGlobal
